// !$*UTF8*$!
{
	archiveVersion = 1;
	classes = {
	};
	objectVersion = 46;
	objects = {

/* Begin PBXBuildFile section */
		540344691C8BA0D200A0A51E /* main.cpp in Sources */ = {isa = PBXBuildFile; fileRef = 540344681C8BA0D200A0A51E /* main.cpp */; };
		540344711C8BA10600A0A51E /* DiskMultiMap.cpp in Sources */ = {isa = PBXBuildFile; fileRef = 540344701C8BA10600A0A51E /* DiskMultiMap.cpp */; settings = {ASSET_TAGS = (); }; };
		540344761C8D81E100A0A51E /* IntelWeb.cpp in Sources */ = {isa = PBXBuildFile; fileRef = 540344751C8D81E100A0A51E /* IntelWeb.cpp */; settings = {ASSET_TAGS = (); }; };
		54E6463F1C8FCB12007B31EB /* p4gen.cpp in Sources */ = {isa = PBXBuildFile; fileRef = 54E6463E1C8FCB12007B31EB /* p4gen.cpp */; settings = {ASSET_TAGS = (); }; };
		54E646441C8FE62F007B31EB /* p4tester.cpp in Sources */ = {isa = PBXBuildFile; fileRef = 54E646431C8FE62F007B31EB /* p4tester.cpp */; settings = {ASSET_TAGS = (); }; };
/* End PBXBuildFile section */

/* Begin PBXCopyFilesBuildPhase section */
		540344631C8BA0D200A0A51E /* CopyFiles */ = {
			isa = PBXCopyFilesBuildPhase;
			buildActionMask = 2147483647;
			dstPath = /usr/share/man/man1/;
			dstSubfolderSpec = 0;
			files = (
			);
			runOnlyForDeploymentPostprocessing = 1;
		};
/* End PBXCopyFilesBuildPhase section */

/* Begin PBXFileReference section */
		540344651C8BA0D200A0A51E /* Project4 */ = {isa = PBXFileReference; explicitFileType = "compiled.mach-o.executable"; includeInIndex = 0; path = Project4; sourceTree = BUILT_PRODUCTS_DIR; };
		540344681C8BA0D200A0A51E /* main.cpp */ = {isa = PBXFileReference; lastKnownFileType = sourcecode.cpp.cpp; path = main.cpp; sourceTree = "<group>"; };
		5403446F1C8BA0ED00A0A51E /* DiskMultiMap.h */ = {isa = PBXFileReference; lastKnownFileType = sourcecode.c.h; path = DiskMultiMap.h; sourceTree = "<group>"; };
		540344701C8BA10600A0A51E /* DiskMultiMap.cpp */ = {isa = PBXFileReference; fileEncoding = 4; lastKnownFileType = sourcecode.cpp.cpp; path = DiskMultiMap.cpp; sourceTree = "<group>"; };
		540344721C8BA13100A0A51E /* MultiMapTuple.h */ = {isa = PBXFileReference; lastKnownFileType = sourcecode.c.h; path = MultiMapTuple.h; sourceTree = "<group>"; };
		540344731C8C40FF00A0A51E /* BinaryFile.h */ = {isa = PBXFileReference; lastKnownFileType = sourcecode.c.h; path = BinaryFile.h; sourceTree = "<group>"; };
		540344741C8D81C800A0A51E /* IntelWeb.h */ = {isa = PBXFileReference; lastKnownFileType = sourcecode.c.h; path = IntelWeb.h; sourceTree = "<group>"; };
		540344751C8D81E100A0A51E /* IntelWeb.cpp */ = {isa = PBXFileReference; fileEncoding = 4; lastKnownFileType = sourcecode.cpp.cpp; path = IntelWeb.cpp; sourceTree = "<group>"; };
		54E6463D1C8DF8E6007B31EB /* InteractionTuple.h */ = {isa = PBXFileReference; lastKnownFileType = sourcecode.c.h; path = InteractionTuple.h; sourceTree = "<group>"; };
		54E6463E1C8FCB12007B31EB /* p4gen.cpp */ = {isa = PBXFileReference; fileEncoding = 4; lastKnownFileType = sourcecode.cpp.cpp; path = p4gen.cpp; sourceTree = "<group>"; };
		54E646401C8FCB6E007B31EB /* sources.txt */ = {isa = PBXFileReference; fileEncoding = 4; lastKnownFileType = text; path = sources.txt; sourceTree = "<group>"; };
		54E646411C8FCB86007B31EB /* malicious.txt */ = {isa = PBXFileReference; fileEncoding = 4; lastKnownFileType = text; path = malicious.txt; sourceTree = "<group>"; };
		54E646421C8FCCD1007B31EB /* outputlog.dat */ = {isa = PBXFileReference; fileEncoding = 4; lastKnownFileType = text; path = outputlog.dat; sourceTree = "<group>"; };
		54E646431C8FE62F007B31EB /* p4tester.cpp */ = {isa = PBXFileReference; fileEncoding = 4; lastKnownFileType = sourcecode.cpp.cpp; path = p4tester.cpp; sourceTree = "<group>"; };
/* End PBXFileReference section */

/* Begin PBXFrameworksBuildPhase section */
		540344621C8BA0D200A0A51E /* Frameworks */ = {
			isa = PBXFrameworksBuildPhase;
			buildActionMask = 2147483647;
			files = (
			);
			runOnlyForDeploymentPostprocessing = 0;
		};
/* End PBXFrameworksBuildPhase section */

/* Begin PBXGroup section */
		5403445C1C8BA0D100A0A51E = {
			isa = PBXGroup;
			children = (
				540344671C8BA0D200A0A51E /* Project4 */,
				540344661C8BA0D200A0A51E /* Products */,
			);
			sourceTree = "<group>";
		};
		540344661C8BA0D200A0A51E /* Products */ = {
			isa = PBXGroup;
			children = (
				540344651C8BA0D200A0A51E /* Project4 */,
			);
			name = Products;
			sourceTree = "<group>";
		};
		540344671C8BA0D200A0A51E /* Project4 */ = {
			isa = PBXGroup;
			children = (
				540344681C8BA0D200A0A51E /* main.cpp */,
				54E646431C8FE62F007B31EB /* p4tester.cpp */,
				54E6463E1C8FCB12007B31EB /* p4gen.cpp */,
				54E646421C8FCCD1007B31EB /* outputlog.dat */,
				54E646401C8FCB6E007B31EB /* sources.txt */,
				54E646411C8FCB86007B31EB /* malicious.txt */,
				5403446F1C8BA0ED00A0A51E /* DiskMultiMap.h */,
				540344701C8BA10600A0A51E /* DiskMultiMap.cpp */,
				540344741C8D81C800A0A51E /* IntelWeb.h */,
				540344751C8D81E100A0A51E /* IntelWeb.cpp */,
				54E6463D1C8DF8E6007B31EB /* InteractionTuple.h */,
				540344721C8BA13100A0A51E /* MultiMapTuple.h */,
				540344731C8C40FF00A0A51E /* BinaryFile.h */,
			);
			path = Project4;
			sourceTree = "<group>";
		};
/* End PBXGroup section */

/* Begin PBXNativeTarget section */
		540344641C8BA0D200A0A51E /* Project4 */ = {
			isa = PBXNativeTarget;
			buildConfigurationList = 5403446C1C8BA0D200A0A51E /* Build configuration list for PBXNativeTarget "Project4" */;
			buildPhases = (
				540344611C8BA0D200A0A51E /* Sources */,
				540344621C8BA0D200A0A51E /* Frameworks */,
				540344631C8BA0D200A0A51E /* CopyFiles */,
			);
			buildRules = (
			);
			dependencies = (
			);
			name = Project4;
			productName = Project4;
			productReference = 540344651C8BA0D200A0A51E /* Project4 */;
			productType = "com.apple.product-type.tool";
		};
/* End PBXNativeTarget section */

/* Begin PBXProject section */
		5403445D1C8BA0D100A0A51E /* Project object */ = {
			isa = PBXProject;
			attributes = {
				LastUpgradeCheck = 0700;
				ORGANIZATIONNAME = hongshuhong;
				TargetAttributes = {
					540344641C8BA0D200A0A51E = {
						CreatedOnToolsVersion = 7.0.1;
					};
				};
			};
			buildConfigurationList = 540344601C8BA0D100A0A51E /* Build configuration list for PBXProject "Project4" */;
			compatibilityVersion = "Xcode 3.2";
			developmentRegion = English;
			hasScannedForEncodings = 0;
			knownRegions = (
				en,
			);
			mainGroup = 5403445C1C8BA0D100A0A51E;
			productRefGroup = 540344661C8BA0D200A0A51E /* Products */;
			projectDirPath = "";
			projectRoot = "";
			targets = (
				540344641C8BA0D200A0A51E /* Project4 */,
			);
		};
/* End PBXProject section */

/* Begin PBXSourcesBuildPhase section */
		540344611C8BA0D200A0A51E /* Sources */ = {
			isa = PBXSourcesBuildPhase;
			buildActionMask = 2147483647;
			files = (
				54E6463F1C8FCB12007B31EB /* p4gen.cpp in Sources */,
				540344691C8BA0D200A0A51E /* main.cpp in Sources */,
				54E646441C8FE62F007B31EB /* p4tester.cpp in Sources */,
				540344761C8D81E100A0A51E /* IntelWeb.cpp in Sources */,
				540344711C8BA10600A0A51E /* DiskMultiMap.cpp in Sources */,
			);
			runOnlyForDeploymentPostprocessing = 0;
		};
/* End PBXSourcesBuildPhase section */

/* Begin XCBuildConfiguration section */
		5403446A1C8BA0D200A0A51E /* Debug */ = {
			isa = XCBuildConfiguration;
			buildSettings = {
				ALWAYS_SEARCH_USER_PATHS = NO;
				CLANG_CXX_LANGUAGE_STANDARD = "gnu++0x";
				CLANG_CXX_LIBRARY = "libc++";
				CLANG_ENABLE_MODULES = YES;
				CLANG_ENABLE_OBJC_ARC = YES;
				CLANG_WARN_BOOL_CONVERSION = YES;
				CLANG_WARN_CONSTANT_CONVERSION = YES;
				CLANG_WARN_DIRECT_OBJC_ISA_USAGE = YES_ERROR;
				CLANG_WARN_EMPTY_BODY = YES;
				CLANG_WARN_ENUM_CONVERSION = YES;
				CLANG_WARN_INT_CONVERSION = YES;
				CLANG_WARN_OBJC_ROOT_CLASS = YES_ERROR;
				CLANG_WARN_UNREACHABLE_CODE = YES;
				CLANG_WARN__DUPLICATE_METHOD_MATCH = YES;
				COPY_PHASE_STRIP = NO;
				DEBUG_INFORMATION_FORMAT = dwarf;
				ENABLE_STRICT_OBJC_MSGSEND = YES;
				ENABLE_TESTABILITY = YES;
				GCC_C_LANGUAGE_STANDARD = gnu99;
				GCC_DYNAMIC_NO_PIC = NO;
				GCC_NO_COMMON_BLOCKS = YES;
				GCC_OPTIMIZATION_LEVEL = 0;
				GCC_PREPROCESSOR_DEFINITIONS = (
					"DEBUG=1",
					"$(inherited)",
				);
				GCC_WARN_64_TO_32_BIT_CONVERSION = YES;
				GCC_WARN_ABOUT_RETURN_TYPE = YES_ERROR;
				GCC_WARN_UNDECLARED_SELECTOR = YES;
				GCC_WARN_UNINITIALIZED_AUTOS = YES_AGGRESSIVE;
				GCC_WARN_UNUSED_FUNCTION = YES;
				GCC_WARN_UNUSED_VARIABLE = YES;
				MACOSX_DEPLOYMENT_TARGET = 10.11;
				MTL_ENABLE_DEBUG_INFO = YES;
				ONLY_ACTIVE_ARCH = YES;
				SDKROOT = macosx;
			};
			name = Debug;
		};
		5403446B1C8BA0D200A0A51E /* Release */ = {
			isa = XCBuildConfiguration;
			buildSettings = {
				ALWAYS_SEARCH_USER_PATHS = NO;
				CLANG_CXX_LANGUAGE_STANDARD = "gnu++0x";
				CLANG_CXX_LIBRARY = "libc++";
				CLANG_ENABLE_MODULES = YES;
				CLANG_ENABLE_OBJC_ARC = YES;
				CLANG_WARN_BOOL_CONVERSION = YES;
				CLANG_WARN_CONSTANT_CONVERSION = YES;
				CLANG_WARN_DIRECT_OBJC_ISA_USAGE = YES_ERROR;
				CLANG_WARN_EMPTY_BODY = YES;
				CLANG_WARN_ENUM_CONVERSION = YES;
				CLANG_WARN_INT_CONVERSION = YES;
				CLANG_WARN_OBJC_ROOT_CLASS = YES_ERROR;
				CLANG_WARN_UNREACHABLE_CODE = YES;
				CLANG_WARN__DUPLICATE_METHOD_MATCH = YES;
				COPY_PHASE_STRIP = NO;
				DEBUG_INFORMATION_FORMAT = "dwarf-with-dsym";
				ENABLE_NS_ASSERTIONS = NO;
				ENABLE_STRICT_OBJC_MSGSEND = YES;
				GCC_C_LANGUAGE_STANDARD = gnu99;
				GCC_NO_COMMON_BLOCKS = YES;
				GCC_WARN_64_TO_32_BIT_CONVERSION = YES;
				GCC_WARN_ABOUT_RETURN_TYPE = YES_ERROR;
				GCC_WARN_UNDECLARED_SELECTOR = YES;
				GCC_WARN_UNINITIALIZED_AUTOS = YES_AGGRESSIVE;
				GCC_WARN_UNUSED_FUNCTION = YES;
				GCC_WARN_UNUSED_VARIABLE = YES;
				MACOSX_DEPLOYMENT_TARGET = 10.11;
				MTL_ENABLE_DEBUG_INFO = NO;
				SDKROOT = macosx;
			};
			name = Release;
		};
		5403446D1C8BA0D200A0A51E /* Debug */ = {
			isa = XCBuildConfiguration;
			buildSettings = {
				PRODUCT_NAME = "$(TARGET_NAME)";
			};
			name = Debug;
		};
		5403446E1C8BA0D200A0A51E /* Release */ = {
			isa = XCBuildConfiguration;
			buildSettings = {
				PRODUCT_NAME = "$(TARGET_NAME)";
			};
			name = Release;
		};
/* End XCBuildConfiguration section */

/* Begin XCConfigurationList section */
		540344601C8BA0D100A0A51E /* Build configuration list for PBXProject "Project4" */ = {
			isa = XCConfigurationList;
			buildConfigurations = (
				5403446A1C8BA0D200A0A51E /* Debug */,
				5403446B1C8BA0D200A0A51E /* Release */,
			);
			defaultConfigurationIsVisible = 0;
			defaultConfigurationName = Release;
		};
		5403446C1C8BA0D200A0A51E /* Build configuration list for PBXNativeTarget "Project4" */ = {
			isa = XCConfigurationList;
			buildConfigurations = (
				5403446D1C8BA0D200A0A51E /* Debug */,
				5403446E1C8BA0D200A0A51E /* Release */,
			);
			defaultConfigurationIsVisible = 0;
			defaultConfigurationName = Release;
		};
/* End XCConfigurationList section */
	};
	rootObject = 5403445D1C8BA0D100A0A51E /* Project object */;
}
